github.com/dkotik/oakacs/oakpolicy v0.0.1 h1:0u4Dg+0gsBRAfrLl0ZWTY9QUSqhiJ5y/njxgl0dRlSg=
github.com/dkotik/oakacs/oakpolicy v0.0.1/go.mod h1:Hr3Zy3X5aWWiKIYucyZ/3cknt1dspg+r8H/bUlmF3hE=
golang.org/x/exp v0.0.0-20230425010034-47ecfdc1ba53 h1:5llv2sWeaMSnA3w2kS57ouQQ4pudlXrR0dCgw51QK9o=
golang.org/x/exp v0.0.0-20230425010034-47ecfdc1ba53/go.mod h1:V1LtkGg67GoY2N1AnLN78QLrzxkLyJw7RJb1gzOOz9w=
